// !$*UTF8*$!
{
	archiveVersion = 1;
	classes = {
	};
	objectVersion = 46;
	objects = {

/* Begin PBXBuildFile section */
		3146CA3A1944B4500075FF9D /* Foundation.framework in Frameworks */ = {isa = PBXBuildFile; fileRef = 3146CA391944B4500075FF9D /* Foundation.framework */; };
		3146CA3C1944B4500075FF9D /* CoreGraphics.framework in Frameworks */ = {isa = PBXBuildFile; fileRef = 3146CA3B1944B4500075FF9D /* CoreGraphics.framework */; };
		3146CA3E1944B4500075FF9D /* UIKit.framework in Frameworks */ = {isa = PBXBuildFile; fileRef = 3146CA3D1944B4500075FF9D /* UIKit.framework */; };
		3146CA441944B4500075FF9D /* InfoPlist.strings in Resources */ = {isa = PBXBuildFile; fileRef = 3146CA421944B4500075FF9D /* InfoPlist.strings */; };
		3146CA461944B4500075FF9D /* main.m in Sources */ = {isa = PBXBuildFile; fileRef = 3146CA451944B4500075FF9D /* main.m */; };
		3146CA4A1944B4500075FF9D /* LOTRAppDelegate.m in Sources */ = {isa = PBXBuildFile; fileRef = 3146CA491944B4500075FF9D /* LOTRAppDelegate.m */; };
		3146CA4C1944B4500075FF9D /* Images.xcassets in Resources */ = {isa = PBXBuildFile; fileRef = 3146CA4B1944B4500075FF9D /* Images.xcassets */; };
		3146CA531944B4500075FF9D /* XCTest.framework in Frameworks */ = {isa = PBXBuildFile; fileRef = 3146CA521944B4500075FF9D /* XCTest.framework */; };
		3146CA541944B4500075FF9D /* Foundation.framework in Frameworks */ = {isa = PBXBuildFile; fileRef = 3146CA391944B4500075FF9D /* Foundation.framework */; };
		3146CA551944B4500075FF9D /* UIKit.framework in Frameworks */ = {isa = PBXBuildFile; fileRef = 3146CA3D1944B4500075FF9D /* UIKit.framework */; };
		3146CA5D1944B4500075FF9D /* InfoPlist.strings in Resources */ = {isa = PBXBuildFile; fileRef = 3146CA5B1944B4500075FF9D /* InfoPlist.strings */; };
		3146CA5F1944B4500075FF9D /* FitnessTests.m in Sources */ = {isa = PBXBuildFile; fileRef = 3146CA5E1944B4500075FF9D /* FitnessTests.m */; };
/* End PBXBuildFile section */

/* Begin PBXContainerItemProxy section */
		3146CA561944B4500075FF9D /* PBXContainerItemProxy */ = {
			isa = PBXContainerItemProxy;
			containerPortal = 3146CA2E1944B4500075FF9D /* Project object */;
			proxyType = 1;
			remoteGlobalIDString = 3146CA351944B4500075FF9D;
			remoteInfo = Fitness;
		};
/* End PBXContainerItemProxy section */

/* Begin PBXFileReference section */
		3146CA361944B4500075FF9D /* Fitness.app */ = {isa = PBXFileReference; explicitFileType = wrapper.application; includeInIndex = 0; path = Fitness.app; sourceTree = BUILT_PRODUCTS_DIR; };
		3146CA391944B4500075FF9D /* Foundation.framework */ = {isa = PBXFileReference; lastKnownFileType = wrapper.framework; name = Foundation.framework; path = System/Library/Frameworks/Foundation.framework; sourceTree = SDKROOT; };
		3146CA3B1944B4500075FF9D /* CoreGraphics.framework */ = {isa = PBXFileReference; lastKnownFileType = wrapper.framework; name = CoreGraphics.framework; path = System/Library/Frameworks/CoreGraphics.framework; sourceTree = SDKROOT; };
		3146CA3D1944B4500075FF9D /* UIKit.framework */ = {isa = PBXFileReference; lastKnownFileType = wrapper.framework; name = UIKit.framework; path = System/Library/Frameworks/UIKit.framework; sourceTree = SDKROOT; };
		3146CA411944B4500075FF9D /* Fitness-Info.plist */ = {isa = PBXFileReference; lastKnownFileType = text.plist.xml; path = "Fitness-Info.plist"; sourceTree = "<group>"; };
		3146CA431944B4500075FF9D /* en */ = {isa = PBXFileReference; lastKnownFileType = text.plist.strings; name = en; path = en.lproj/InfoPlist.strings; sourceTree = "<group>"; };
		3146CA451944B4500075FF9D /* main.m */ = {isa = PBXFileReference; lastKnownFileType = sourcecode.c.objc; path = main.m; sourceTree = "<group>"; };
		3146CA471944B4500075FF9D /* Fitness-Prefix.pch */ = {isa = PBXFileReference; lastKnownFileType = sourcecode.c.h; path = "Fitness-Prefix.pch"; sourceTree = "<group>"; };
		3146CA481944B4500075FF9D /* LOTRAppDelegate.h */ = {isa = PBXFileReference; lastKnownFileType = sourcecode.c.h; path = LOTRAppDelegate.h; sourceTree = "<group>"; };
		3146CA491944B4500075FF9D /* LOTRAppDelegate.m */ = {isa = PBXFileReference; lastKnownFileType = sourcecode.c.objc; path = LOTRAppDelegate.m; sourceTree = "<group>"; };
		3146CA4B1944B4500075FF9D /* Images.xcassets */ = {isa = PBXFileReference; lastKnownFileType = folder.assetcatalog; path = Images.xcassets; sourceTree = "<group>"; };
		3146CA511944B4500075FF9D /* FitnessTests.xctest */ = {isa = PBXFileReference; explicitFileType = wrapper.cfbundle; includeInIndex = 0; path = FitnessTests.xctest; sourceTree = BUILT_PRODUCTS_DIR; };
		3146CA521944B4500075FF9D /* XCTest.framework */ = {isa = PBXFileReference; lastKnownFileType = wrapper.framework; name = XCTest.framework; path = Library/Frameworks/XCTest.framework; sourceTree = DEVELOPER_DIR; };
		3146CA5A1944B4500075FF9D /* FitnessTests-Info.plist */ = {isa = PBXFileReference; lastKnownFileType = text.plist.xml; path = "FitnessTests-Info.plist"; sourceTree = "<group>"; };
		3146CA5C1944B4500075FF9D /* en */ = {isa = PBXFileReference; lastKnownFileType = text.plist.strings; name = en; path = en.lproj/InfoPlist.strings; sourceTree = "<group>"; };
		3146CA5E1944B4500075FF9D /* FitnessTests.m */ = {isa = PBXFileReference; lastKnownFileType = sourcecode.c.objc; path = FitnessTests.m; sourceTree = "<group>"; };
/* End PBXFileReference section */

/* Begin PBXFrameworksBuildPhase section */
		3146CA331944B4500075FF9D /* Frameworks */ = {
			isa = PBXFrameworksBuildPhase;
			buildActionMask = 2147483647;
			files = (
				3146CA3C1944B4500075FF9D /* CoreGraphics.framework in Frameworks */,
				3146CA3E1944B4500075FF9D /* UIKit.framework in Frameworks */,
				3146CA3A1944B4500075FF9D /* Foundation.framework in Frameworks */,
			);
			runOnlyForDeploymentPostprocessing = 0;
		};
		3146CA4E1944B4500075FF9D /* Frameworks */ = {
			isa = PBXFrameworksBuildPhase;
			buildActionMask = 2147483647;
			files = (
				3146CA531944B4500075FF9D /* XCTest.framework in Frameworks */,
				3146CA551944B4500075FF9D /* UIKit.framework in Frameworks */,
				3146CA541944B4500075FF9D /* Foundation.framework in Frameworks */,
			);
			runOnlyForDeploymentPostprocessing = 0;
		};
/* End PBXFrameworksBuildPhase section */

/* Begin PBXGroup section */
		3146CA2D1944B4500075FF9D = {
			isa = PBXGroup;
			children = (
				3146CA3F1944B4500075FF9D /* Fitness */,
				3146CA581944B4500075FF9D /* FitnessTests */,
				3146CA381944B4500075FF9D /* Frameworks */,
				3146CA371944B4500075FF9D /* Products */,
			);
			sourceTree = "<group>";
		};
		3146CA371944B4500075FF9D /* Products */ = {
			isa = PBXGroup;
			children = (
				3146CA361944B4500075FF9D /* Fitness.app */,
				3146CA511944B4500075FF9D /* FitnessTests.xctest */,
			);
			name = Products;
			sourceTree = "<group>";
		};
		3146CA381944B4500075FF9D /* Frameworks */ = {
			isa = PBXGroup;
			children = (
				3146CA391944B4500075FF9D /* Foundation.framework */,
				3146CA3B1944B4500075FF9D /* CoreGraphics.framework */,
				3146CA3D1944B4500075FF9D /* UIKit.framework */,
				3146CA521944B4500075FF9D /* XCTest.framework */,
			);
			name = Frameworks;
			sourceTree = "<group>";
		};
		3146CA3F1944B4500075FF9D /* Fitness */ = {
			isa = PBXGroup;
			children = (
				3146CA481944B4500075FF9D /* LOTRAppDelegate.h */,
				3146CA491944B4500075FF9D /* LOTRAppDelegate.m */,
				3146CA4B1944B4500075FF9D /* Images.xcassets */,
				3146CA401944B4500075FF9D /* Supporting Files */,
			);
			path = Fitness;
			sourceTree = "<group>";
		};
		3146CA401944B4500075FF9D /* Supporting Files */ = {
			isa = PBXGroup;
			children = (
				3146CA411944B4500075FF9D /* Fitness-Info.plist */,
				3146CA421944B4500075FF9D /* InfoPlist.strings */,
				3146CA451944B4500075FF9D /* main.m */,
				3146CA471944B4500075FF9D /* Fitness-Prefix.pch */,
			);
			name = "Supporting Files";
			sourceTree = "<group>";
		};
		3146CA581944B4500075FF9D /* FitnessTests */ = {
			isa = PBXGroup;
			children = (
				3146CA5E1944B4500075FF9D /* FitnessTests.m */,
				3146CA591944B4500075FF9D /* Supporting Files */,
			);
			path = FitnessTests;
			sourceTree = "<group>";
		};
		3146CA591944B4500075FF9D /* Supporting Files */ = {
			isa = PBXGroup;
			children = (
				3146CA5A1944B4500075FF9D /* FitnessTests-Info.plist */,
				3146CA5B1944B4500075FF9D /* InfoPlist.strings */,
			);
			name = "Supporting Files";
			sourceTree = "<group>";
		};
/* End PBXGroup section */

/* Begin PBXNativeTarget section */
		3146CA351944B4500075FF9D /* Fitness */ = {
			isa = PBXNativeTarget;
			buildConfigurationList = 3146CA621944B4500075FF9D /* Build configuration list for PBXNativeTarget "Fitness" */;
			buildPhases = (
				3146CA321944B4500075FF9D /* Sources */,
				3146CA331944B4500075FF9D /* Frameworks */,
				3146CA341944B4500075FF9D /* Resources */,
			);
			buildRules = (
			);
			dependencies = (
			);
			name = Fitness;
			productName = Fitness;
			productReference = 3146CA361944B4500075FF9D /* Fitness.app */;
			productType = "com.apple.product-type.application";
		};
		3146CA501944B4500075FF9D /* FitnessTests */ = {
			isa = PBXNativeTarget;
			buildConfigurationList = 3146CA651944B4500075FF9D /* Build configuration list for PBXNativeTarget "FitnessTests" */;
			buildPhases = (
				3146CA4D1944B4500075FF9D /* Sources */,
				3146CA4E1944B4500075FF9D /* Frameworks */,
				3146CA4F1944B4500075FF9D /* Resources */,
			);
			buildRules = (
			);
			dependencies = (
				3146CA571944B4500075FF9D /* PBXTargetDependency */,
			);
			name = FitnessTests;
			productName = FitnessTests;
			productReference = 3146CA511944B4500075FF9D /* FitnessTests.xctest */;
			productType = "com.apple.product-type.bundle.unit-test";
		};
/* End PBXNativeTarget section */

/* Begin PBXProject section */
		3146CA2E1944B4500075FF9D /* Project object */ = {
			isa = PBXProject;
			attributes = {
				CLASSPREFIX = LOTR;
				LastUpgradeCheck = 0510;
				ORGANIZATIONNAME = LOTR;
				TargetAttributes = {
					3146CA501944B4500075FF9D = {
						TestTargetID = 3146CA351944B4500075FF9D;
					};
				};
			};
			buildConfigurationList = 3146CA311944B4500075FF9D /* Build configuration list for PBXProject "Fitness" */;
			compatibilityVersion = "Xcode 3.2";
			developmentRegion = English;
			hasScannedForEncodings = 0;
			knownRegions = (
				en,
			);
			mainGroup = 3146CA2D1944B4500075FF9D;
			productRefGroup = 3146CA371944B4500075FF9D /* Products */;
			projectDirPath = "";
			projectRoot = "";
			targets = (
				3146CA351944B4500075FF9D /* Fitness */,
				3146CA501944B4500075FF9D /* FitnessTests */,
			);
		};
/* End PBXProject section */

/* Begin PBXResourcesBuildPhase section */
		3146CA341944B4500075FF9D /* Resources */ = {
			isa = PBXResourcesBuildPhase;
			buildActionMask = 2147483647;
			files = (
				3146CA441944B4500075FF9D /* InfoPlist.strings in Resources */,
				3146CA4C1944B4500075FF9D /* Images.xcassets in Resources */,
			);
			runOnlyForDeploymentPostprocessing = 0;
		};
		3146CA4F1944B4500075FF9D /* Resources */ = {
			isa = PBXResourcesBuildPhase;
			buildActionMask = 2147483647;
			files = (
				3146CA5D1944B4500075FF9D /* InfoPlist.strings in Resources */,
			);
			runOnlyForDeploymentPostprocessing = 0;
		};
/* End PBXResourcesBuildPhase section */

/* Begin PBXSourcesBuildPhase section */
		3146CA321944B4500075FF9D /* Sources */ = {
			isa = PBXSourcesBuildPhase;
			buildActionMask = 2147483647;
			files = (
				3146CA461944B4500075FF9D /* main.m in Sources */,
				3146CA4A1944B4500075FF9D /* LOTRAppDelegate.m in Sources */,
			);
			runOnlyForDeploymentPostprocessing = 0;
		};
		3146CA4D1944B4500075FF9D /* Sources */ = {
			isa = PBXSourcesBuildPhase;
			buildActionMask = 2147483647;
			files = (
				3146CA5F1944B4500075FF9D /* FitnessTests.m in Sources */,
			);
			runOnlyForDeploymentPostprocessing = 0;
		};
/* End PBXSourcesBuildPhase section */

/* Begin PBXTargetDependency section */
		3146CA571944B4500075FF9D /* PBXTargetDependency */ = {
			isa = PBXTargetDependency;
			target = 3146CA351944B4500075FF9D /* Fitness */;
			targetProxy = 3146CA561944B4500075FF9D /* PBXContainerItemProxy */;
		};
/* End PBXTargetDependency section */

/* Begin PBXVariantGroup section */
		3146CA421944B4500075FF9D /* InfoPlist.strings */ = {
			isa = PBXVariantGroup;
			children = (
				3146CA431944B4500075FF9D /* en */,
			);
			name = InfoPlist.strings;
			sourceTree = "<group>";
		};
		3146CA5B1944B4500075FF9D /* InfoPlist.strings */ = {
			isa = PBXVariantGroup;
			children = (
				3146CA5C1944B4500075FF9D /* en */,
			);
			name = InfoPlist.strings;
			sourceTree = "<group>";
		};
/* End PBXVariantGroup section */

/* Begin XCBuildConfiguration section */
		3146CA601944B4500075FF9D /* Debug */ = {
			isa = XCBuildConfiguration;
			buildSettings = {
				ALWAYS_SEARCH_USER_PATHS = NO;
				CLANG_CXX_LANGUAGE_STANDARD = "gnu++0x";
				CLANG_CXX_LIBRARY = "libc++";
				CLANG_ENABLE_MODULES = YES;
				CLANG_ENABLE_OBJC_ARC = YES;
				CLANG_WARN_BOOL_CONVERSION = YES;
				CLANG_WARN_CONSTANT_CONVERSION = YES;
				CLANG_WARN_DIRECT_OBJC_ISA_USAGE = YES_ERROR;
				CLANG_WARN_EMPTY_BODY = YES;
				CLANG_WARN_ENUM_CONVERSION = YES;
				CLANG_WARN_INT_CONVERSION = YES;
				CLANG_WARN_OBJC_ROOT_CLASS = YES_ERROR;
				CLANG_WARN__DUPLICATE_METHOD_MATCH = YES;
				"CODE_SIGN_IDENTITY[sdk=iphoneos*]" = "iPhone Developer";
				COPY_PHASE_STRIP = NO;
				GCC_C_LANGUAGE_STANDARD = gnu99;
				GCC_DYNAMIC_NO_PIC = NO;
				GCC_OPTIMIZATION_LEVEL = 0;
				GCC_PREPROCESSOR_DEFINITIONS = (
					"DEBUG=1",
					"$(inherited)",
				);
				GCC_SYMBOLS_PRIVATE_EXTERN = NO;
				GCC_WARN_64_TO_32_BIT_CONVERSION = YES;
				GCC_WARN_ABOUT_RETURN_TYPE = YES_ERROR;
				GCC_WARN_UNDECLARED_SELECTOR = YES;
				GCC_WARN_UNINITIALIZED_AUTOS = YES_AGGRESSIVE;
				GCC_WARN_UNUSED_FUNCTION = YES;
				GCC_WARN_UNUSED_VARIABLE = YES;
				IPHONEOS_DEPLOYMENT_TARGET = 7.1;
				ONLY_ACTIVE_ARCH = YES;
				SDKROOT = iphoneos;
			};
			name = Debug;
		};
		3146CA611944B4500075FF9D /* Release */ = {
			isa = XCBuildConfiguration;
			buildSettings = {
				ALWAYS_SEARCH_USER_PATHS = NO;
				CLANG_CXX_LANGUAGE_STANDARD = "gnu++0x";
				CLANG_CXX_LIBRARY = "libc++";
				CLANG_ENABLE_MODULES = YES;
				CLANG_ENABLE_OBJC_ARC = YES;
				CLANG_WARN_BOOL_CONVERSION = YES;
				CLANG_WARN_CONSTANT_CONVERSION = YES;
				CLANG_WARN_DIRECT_OBJC_ISA_USAGE = YES_ERROR;
				CLANG_WARN_EMPTY_BODY = YES;
				CLANG_WARN_ENUM_CONVERSION = YES;
				CLANG_WARN_INT_CONVERSION = YES;
				CLANG_WARN_OBJC_ROOT_CLASS = YES_ERROR;
				CLANG_WARN__DUPLICATE_METHOD_MATCH = YES;
				"CODE_SIGN_IDENTITY[sdk=iphoneos*]" = "iPhone Developer";
				COPY_PHASE_STRIP = YES;
				ENABLE_NS_ASSERTIONS = NO;
				GCC_C_LANGUAGE_STANDARD = gnu99;
				GCC_WARN_64_TO_32_BIT_CONVERSION = YES;
				GCC_WARN_ABOUT_RETURN_TYPE = YES_ERROR;
				GCC_WARN_UNDECLARED_SELECTOR = YES;
				GCC_WARN_UNINITIALIZED_AUTOS = YES_AGGRESSIVE;
				GCC_WARN_UNUSED_FUNCTION = YES;
				GCC_WARN_UNUSED_VARIABLE = YES;
				IPHONEOS_DEPLOYMENT_TARGET = 7.1;
				SDKROOT = iphoneos;
				VALIDATE_PRODUCT = YES;
			};
			name = Release;
		};
		3146CA631944B4500075FF9D /* Debug */ = {
			isa = XCBuildConfiguration;
			buildSettings = {
				ASSETCATALOG_COMPILER_APPICON_NAME = AppIcon;
				ASSETCATALOG_COMPILER_LAUNCHIMAGE_NAME = LaunchImage;
				GCC_PRECOMPILE_PREFIX_HEADER = YES;
				GCC_PREFIX_HEADER = "Fitness/Fitness-Prefix.pch";
				INFOPLIST_FILE = "Fitness/Fitness-Info.plist";
				PRODUCT_NAME = "$(TARGET_NAME)";
				WRAPPER_EXTENSION = app;
			};
			name = Debug;
		};
		3146CA641944B4500075FF9D /* Release */ = {
			isa = XCBuildConfiguration;
			buildSettings = {
				ASSETCATALOG_COMPILER_APPICON_NAME = AppIcon;
				ASSETCATALOG_COMPILER_LAUNCHIMAGE_NAME = LaunchImage;
				GCC_PRECOMPILE_PREFIX_HEADER = YES;
				GCC_PREFIX_HEADER = "Fitness/Fitness-Prefix.pch";
				INFOPLIST_FILE = "Fitness/Fitness-Info.plist";
				PRODUCT_NAME = "$(TARGET_NAME)";
				WRAPPER_EXTENSION = app;
			};
			name = Release;
		};
		3146CA661944B4500075FF9D /* Debug */ = {
			isa = XCBuildConfiguration;
			buildSettings = {
				BUNDLE_LOADER = "$(BUILT_PRODUCTS_DIR)/Fitness.app/Fitness";
				FRAMEWORK_SEARCH_PATHS = (
					"$(SDKROOT)/Developer/Library/Frameworks",
					"$(inherited)",
					"$(DEVELOPER_FRAMEWORKS_DIR)",
				);
				GCC_PRECOMPILE_PREFIX_HEADER = YES;
				GCC_PREFIX_HEADER = "Fitness/Fitness-Prefix.pch";
				GCC_PREPROCESSOR_DEFINITIONS = (
					"DEBUG=1",
					"$(inherited)",
				);
				INFOPLIST_FILE = "FitnessTests/FitnessTests-Info.plist";
				PRODUCT_NAME = "$(TARGET_NAME)";
				TEST_HOST = "$(BUNDLE_LOADER)";
				WRAPPER_EXTENSION = xctest;
			};
			name = Debug;
		};
		3146CA671944B4500075FF9D /* Release */ = {
			isa = XCBuildConfiguration;
			buildSettings = {
				BUNDLE_LOADER = "$(BUILT_PRODUCTS_DIR)/Fitness.app/Fitness";
				FRAMEWORK_SEARCH_PATHS = (
					"$(SDKROOT)/Developer/Library/Frameworks",
					"$(inherited)",
					"$(DEVELOPER_FRAMEWORKS_DIR)",
				);
				GCC_PRECOMPILE_PREFIX_HEADER = YES;
				GCC_PREFIX_HEADER = "Fitness/Fitness-Prefix.pch";
				INFOPLIST_FILE = "FitnessTests/FitnessTests-Info.plist";
				PRODUCT_NAME = "$(TARGET_NAME)";
				TEST_HOST = "$(BUNDLE_LOADER)";
				WRAPPER_EXTENSION = xctest;
			};
			name = Release;
		};
/* End XCBuildConfiguration section */

/* Begin XCConfigurationList section */
		3146CA311944B4500075FF9D /* Build configuration list for PBXProject "Fitness" */ = {
			isa = XCConfigurationList;
			buildConfigurations = (
				3146CA601944B4500075FF9D /* Debug */,
				3146CA611944B4500075FF9D /* Release */,
			);
			defaultConfigurationIsVisible = 0;
			defaultConfigurationName = Release;
		};
		3146CA621944B4500075FF9D /* Build configuration list for PBXNativeTarget "Fitness" */ = {
			isa = XCConfigurationList;
			buildConfigurations = (
				3146CA631944B4500075FF9D /* Debug */,
				3146CA641944B4500075FF9D /* Release */,
			);
			defaultConfigurationIsVisible = 0;
		};
		3146CA651944B4500075FF9D /* Build configuration list for PBXNativeTarget "FitnessTests" */ = {
			isa = XCConfigurationList;
			buildConfigurations = (
				3146CA661944B4500075FF9D /* Debug */,
				3146CA671944B4500075FF9D /* Release */,
			);
			defaultConfigurationIsVisible = 0;
		};
/* End XCConfigurationList section */
	};
	rootObject = 3146CA2E1944B4500075FF9D /* Project object */;
}
